// !$*UTF8*$!
{
	archiveVersion = 1;
	classes = {
	};
	objectVersion = 56;
	objects = {

/* Begin PBXBuildFile section */
		06CD8D8729BAE580001B1A1E /* AppDelegate.swift in Sources */ = {isa = PBXBuildFile; fileRef = 06CD8D8629BAE580001B1A1E /* AppDelegate.swift */; };
		06CD8D8929BAE580001B1A1E /* SceneDelegate.swift in Sources */ = {isa = PBXBuildFile; fileRef = 06CD8D8829BAE580001B1A1E /* SceneDelegate.swift */; };
		06CD8D8B29BAE580001B1A1E /* ViewController.swift in Sources */ = {isa = PBXBuildFile; fileRef = 06CD8D8A29BAE580001B1A1E /* ViewController.swift */; };
		06CD8D8E29BAE580001B1A1E /* Main.storyboard in Resources */ = {isa = PBXBuildFile; fileRef = 06CD8D8C29BAE580001B1A1E /* Main.storyboard */; };
		06CD8D9029BAE582001B1A1E /* Assets.xcassets in Resources */ = {isa = PBXBuildFile; fileRef = 06CD8D8F29BAE582001B1A1E /* Assets.xcassets */; };
		06CD8D9329BAE582001B1A1E /* LaunchScreen.storyboard in Resources */ = {isa = PBXBuildFile; fileRef = 06CD8D9129BAE582001B1A1E /* LaunchScreen.storyboard */; };
		06CD8D9B29BAE7CE001B1A1E /* MapViewControllerBridge.swift in Sources */ = {isa = PBXBuildFile; fileRef = 06CD8D9A29BAE7CE001B1A1E /* MapViewControllerBridge.swift */; };
		06CD8D9D29BAE7EF001B1A1E /* MapViewController.swift in Sources */ = {isa = PBXBuildFile; fileRef = 06CD8D9C29BAE7EF001B1A1E /* MapViewController.swift */; };
		06CD8D9F29BAE80B001B1A1E /* ContentView.swift in Sources */ = {isa = PBXBuildFile; fileRef = 06CD8D9E29BAE80B001B1A1E /* ContentView.swift */; };
		06CD8DA129BAE82C001B1A1E /* CityModel.swift in Sources */ = {isa = PBXBuildFile; fileRef = 06CD8DA029BAE82C001B1A1E /* CityModel.swift */; };
		879203BF5B80FBEBD1515341 /* Pods_MapSwiftUI.framework in Frameworks */ = {isa = PBXBuildFile; fileRef = 83B52952745718276C564756 /* Pods_MapSwiftUI.framework */; };
/* End PBXBuildFile section */

/* Begin PBXFileReference section */
		06CD8D8329BAE580001B1A1E /* MapSwiftUI.app */ = {isa = PBXFileReference; explicitFileType = wrapper.application; includeInIndex = 0; path = MapSwiftUI.app; sourceTree = BUILT_PRODUCTS_DIR; };
		06CD8D8629BAE580001B1A1E /* AppDelegate.swift */ = {isa = PBXFileReference; lastKnownFileType = sourcecode.swift; path = AppDelegate.swift; sourceTree = "<group>"; };
		06CD8D8829BAE580001B1A1E /* SceneDelegate.swift */ = {isa = PBXFileReference; lastKnownFileType = sourcecode.swift; path = SceneDelegate.swift; sourceTree = "<group>"; };
		06CD8D8A29BAE580001B1A1E /* ViewController.swift */ = {isa = PBXFileReference; lastKnownFileType = sourcecode.swift; path = ViewController.swift; sourceTree = "<group>"; };
		06CD8D8D29BAE580001B1A1E /* Base */ = {isa = PBXFileReference; lastKnownFileType = file.storyboard; name = Base; path = Base.lproj/Main.storyboard; sourceTree = "<group>"; };
		06CD8D8F29BAE582001B1A1E /* Assets.xcassets */ = {isa = PBXFileReference; lastKnownFileType = folder.assetcatalog; path = Assets.xcassets; sourceTree = "<group>"; };
		06CD8D9229BAE582001B1A1E /* Base */ = {isa = PBXFileReference; lastKnownFileType = file.storyboard; name = Base; path = Base.lproj/LaunchScreen.storyboard; sourceTree = "<group>"; };
		06CD8D9429BAE582001B1A1E /* Info.plist */ = {isa = PBXFileReference; lastKnownFileType = text.plist.xml; path = Info.plist; sourceTree = "<group>"; };
		06CD8D9A29BAE7CE001B1A1E /* MapViewControllerBridge.swift */ = {isa = PBXFileReference; lastKnownFileType = sourcecode.swift; path = MapViewControllerBridge.swift; sourceTree = "<group>"; };
		06CD8D9C29BAE7EF001B1A1E /* MapViewController.swift */ = {isa = PBXFileReference; lastKnownFileType = sourcecode.swift; path = MapViewController.swift; sourceTree = "<group>"; };
		06CD8D9E29BAE80B001B1A1E /* ContentView.swift */ = {isa = PBXFileReference; lastKnownFileType = sourcecode.swift; path = ContentView.swift; sourceTree = "<group>"; };
		06CD8DA029BAE82C001B1A1E /* CityModel.swift */ = {isa = PBXFileReference; lastKnownFileType = sourcecode.swift; path = CityModel.swift; sourceTree = "<group>"; };
		6073FFD47362472FA41A2B9E /* Pods-MapSwiftUI.debug.xcconfig */ = {isa = PBXFileReference; includeInIndex = 1; lastKnownFileType = text.xcconfig; name = "Pods-MapSwiftUI.debug.xcconfig"; path = "Target Support Files/Pods-MapSwiftUI/Pods-MapSwiftUI.debug.xcconfig"; sourceTree = "<group>"; };
		83B52952745718276C564756 /* Pods_MapSwiftUI.framework */ = {isa = PBXFileReference; explicitFileType = wrapper.framework; includeInIndex = 0; path = Pods_MapSwiftUI.framework; sourceTree = BUILT_PRODUCTS_DIR; };
		F943032F2A8272E8F129FD28 /* Pods-MapSwiftUI.release.xcconfig */ = {isa = PBXFileReference; includeInIndex = 1; lastKnownFileType = text.xcconfig; name = "Pods-MapSwiftUI.release.xcconfig"; path = "Target Support Files/Pods-MapSwiftUI/Pods-MapSwiftUI.release.xcconfig"; sourceTree = "<group>"; };
/* End PBXFileReference section */

/* Begin PBXFrameworksBuildPhase section */
		06CD8D8029BAE580001B1A1E /* Frameworks */ = {
			isa = PBXFrameworksBuildPhase;
			buildActionMask = 2147483647;
			files = (
				879203BF5B80FBEBD1515341 /* Pods_MapSwiftUI.framework in Frameworks */,
			);
			runOnlyForDeploymentPostprocessing = 0;
		};
/* End PBXFrameworksBuildPhase section */

/* Begin PBXGroup section */
		06CD8D7A29BAE580001B1A1E = {
			isa = PBXGroup;
			children = (
				06CD8D8529BAE580001B1A1E /* MapSwiftUI */,
				06CD8D8429BAE580001B1A1E /* Products */,
				6038790FA8EC6A9C821D61BD /* Pods */,
				4C0C62868B63156626FAA774 /* Frameworks */,
			);
			sourceTree = "<group>";
		};
		06CD8D8429BAE580001B1A1E /* Products */ = {
			isa = PBXGroup;
			children = (
				06CD8D8329BAE580001B1A1E /* MapSwiftUI.app */,
			);
			name = Products;
			sourceTree = "<group>";
		};
		06CD8D8529BAE580001B1A1E /* MapSwiftUI */ = {
			isa = PBXGroup;
			children = (
				06CD8D8629BAE580001B1A1E /* AppDelegate.swift */,
				06CD8DA029BAE82C001B1A1E /* CityModel.swift */,
				06CD8D9A29BAE7CE001B1A1E /* MapViewControllerBridge.swift */,
				06CD8D9C29BAE7EF001B1A1E /* MapViewController.swift */,
				06CD8D9E29BAE80B001B1A1E /* ContentView.swift */,
				06CD8D8829BAE580001B1A1E /* SceneDelegate.swift */,
				06CD8D8A29BAE580001B1A1E /* ViewController.swift */,
				06CD8D8C29BAE580001B1A1E /* Main.storyboard */,
				06CD8D8F29BAE582001B1A1E /* Assets.xcassets */,
				06CD8D9129BAE582001B1A1E /* LaunchScreen.storyboard */,
				06CD8D9429BAE582001B1A1E /* Info.plist */,
			);
			path = MapSwiftUI;
			sourceTree = "<group>";
		};
		4C0C62868B63156626FAA774 /* Frameworks */ = {
			isa = PBXGroup;
			children = (
				83B52952745718276C564756 /* Pods_MapSwiftUI.framework */,
			);
			name = Frameworks;
			sourceTree = "<group>";
		};
		6038790FA8EC6A9C821D61BD /* Pods */ = {
			isa = PBXGroup;
			children = (
				6073FFD47362472FA41A2B9E /* Pods-MapSwiftUI.debug.xcconfig */,
				F943032F2A8272E8F129FD28 /* Pods-MapSwiftUI.release.xcconfig */,
			);
			path = Pods;
			sourceTree = "<group>";
		};
/* End PBXGroup section */

/* Begin PBXNativeTarget section */
		06CD8D8229BAE580001B1A1E /* MapSwiftUI */ = {
			isa = PBXNativeTarget;
			buildConfigurationList = 06CD8D9729BAE582001B1A1E /* Build configuration list for PBXNativeTarget "MapSwiftUI" */;
			buildPhases = (
				BF4CCA2B343BBBB28507341F /* [CP] Check Pods Manifest.lock */,
				06CD8D7F29BAE580001B1A1E /* Sources */,
				06CD8D8029BAE580001B1A1E /* Frameworks */,
				06CD8D8129BAE580001B1A1E /* Resources */,
				E71EF6DC878DD1E711386FFB /* [CP] Copy Pods Resources */,
			);
			buildRules = (
			);
			dependencies = (
			);
			name = MapSwiftUI;
			productName = MapSwiftUI;
			productReference = 06CD8D8329BAE580001B1A1E /* MapSwiftUI.app */;
			productType = "com.apple.product-type.application";
		};
/* End PBXNativeTarget section */

/* Begin PBXProject section */
		06CD8D7B29BAE580001B1A1E /* Project object */ = {
			isa = PBXProject;
			attributes = {
				BuildIndependentTargetsInParallel = 1;
				LastSwiftUpdateCheck = 1420;
				LastUpgradeCheck = 1420;
				TargetAttributes = {
					06CD8D8229BAE580001B1A1E = {
						CreatedOnToolsVersion = 14.2;
					};
				};
			};
			buildConfigurationList = 06CD8D7E29BAE580001B1A1E /* Build configuration list for PBXProject "MapSwiftUI" */;
			compatibilityVersion = "Xcode 14.0";
			developmentRegion = en;
			hasScannedForEncodings = 0;
			knownRegions = (
				en,
				Base,
			);
			mainGroup = 06CD8D7A29BAE580001B1A1E;
			productRefGroup = 06CD8D8429BAE580001B1A1E /* Products */;
			projectDirPath = "";
			projectRoot = "";
			targets = (
				06CD8D8229BAE580001B1A1E /* MapSwiftUI */,
			);
		};
/* End PBXProject section */

/* Begin PBXResourcesBuildPhase section */
		06CD8D8129BAE580001B1A1E /* Resources */ = {
			isa = PBXResourcesBuildPhase;
			buildActionMask = 2147483647;
			files = (
				06CD8D9329BAE582001B1A1E /* LaunchScreen.storyboard in Resources */,
				06CD8D9029BAE582001B1A1E /* Assets.xcassets in Resources */,
				06CD8D8E29BAE580001B1A1E /* Main.storyboard in Resources */,
			);
			runOnlyForDeploymentPostprocessing = 0;
		};
/* End PBXResourcesBuildPhase section */

/* Begin PBXShellScriptBuildPhase section */
		BF4CCA2B343BBBB28507341F /* [CP] Check Pods Manifest.lock */ = {
			isa = PBXShellScriptBuildPhase;
			buildActionMask = 2147483647;
			files = (
			);
			inputFileListPaths = (
			);
			inputPaths = (
				"${PODS_PODFILE_DIR_PATH}/Podfile.lock",
				"${PODS_ROOT}/Manifest.lock",
			);
			name = "[CP] Check Pods Manifest.lock";
			outputFileListPaths = (
			);
			outputPaths = (
				"$(DERIVED_FILE_DIR)/Pods-MapSwiftUI-checkManifestLockResult.txt",
			);
			runOnlyForDeploymentPostprocessing = 0;
			shellPath = /bin/sh;
			shellScript = "diff \"${PODS_PODFILE_DIR_PATH}/Podfile.lock\" \"${PODS_ROOT}/Manifest.lock\" > /dev/null\nif [ $? != 0 ] ; then\n    # print error to STDERR\n    echo \"error: The sandbox is not in sync with the Podfile.lock. Run 'pod install' or update your CocoaPods installation.\" >&2\n    exit 1\nfi\n# This output is used by Xcode 'outputs' to avoid re-running this script phase.\necho \"SUCCESS\" > \"${SCRIPT_OUTPUT_FILE_0}\"\n";
			showEnvVarsInLog = 0;
		};
		E71EF6DC878DD1E711386FFB /* [CP] Copy Pods Resources */ = {
			isa = PBXShellScriptBuildPhase;
			buildActionMask = 2147483647;
			files = (
			);
			inputFileListPaths = (
				"${PODS_ROOT}/Target Support Files/Pods-MapSwiftUI/Pods-MapSwiftUI-resources-${CONFIGURATION}-input-files.xcfilelist",
			);
			name = "[CP] Copy Pods Resources";
			outputFileListPaths = (
				"${PODS_ROOT}/Target Support Files/Pods-MapSwiftUI/Pods-MapSwiftUI-resources-${CONFIGURATION}-output-files.xcfilelist",
			);
			runOnlyForDeploymentPostprocessing = 0;
			shellPath = /bin/sh;
			shellScript = "\"${PODS_ROOT}/Target Support Files/Pods-MapSwiftUI/Pods-MapSwiftUI-resources.sh\"\n";
			showEnvVarsInLog = 0;
		};
/* End PBXShellScriptBuildPhase section */

/* Begin PBXSourcesBuildPhase section */
		06CD8D7F29BAE580001B1A1E /* Sources */ = {
			isa = PBXSourcesBuildPhase;
			buildActionMask = 2147483647;
			files = (
				06CD8D8B29BAE580001B1A1E /* ViewController.swift in Sources */,
				06CD8D8729BAE580001B1A1E /* AppDelegate.swift in Sources */,
				06CD8D9F29BAE80B001B1A1E /* ContentView.swift in Sources */,
				06CD8D9B29BAE7CE001B1A1E /* MapViewControllerBridge.swift in Sources */,
				06CD8D9D29BAE7EF001B1A1E /* MapViewController.swift in Sources */,
				06CD8D8929BAE580001B1A1E /* SceneDelegate.swift in Sources */,
				06CD8DA129BAE82C001B1A1E /* CityModel.swift in Sources */,
			);
			runOnlyForDeploymentPostprocessing = 0;
		};
/* End PBXSourcesBuildPhase section */

/* Begin PBXVariantGroup section */
		06CD8D8C29BAE580001B1A1E /* Main.storyboard */ = {
			isa = PBXVariantGroup;
			children = (
				06CD8D8D29BAE580001B1A1E /* Base */,
			);
			name = Main.storyboard;
			sourceTree = "<group>";
		};
		06CD8D9129BAE582001B1A1E /* LaunchScreen.storyboard */ = {
			isa = PBXVariantGroup;
			children = (
				06CD8D9229BAE582001B1A1E /* Base */,
			);
			name = LaunchScreen.storyboard;
			sourceTree = "<group>";
		};
/* End PBXVariantGroup section */

/* Begin XCBuildConfiguration section */
		06CD8D9529BAE582001B1A1E /* Debug */ = {
			isa = XCBuildConfiguration;
			buildSettings = {
				ALWAYS_SEARCH_USER_PATHS = NO;
				CLANG_ANALYZER_NONNULL = YES;
				CLANG_ANALYZER_NUMBER_OBJECT_CONVERSION = YES_AGGRESSIVE;
				CLANG_CXX_LANGUAGE_STANDARD = "gnu++20";
				CLANG_ENABLE_MODULES = YES;
				CLANG_ENABLE_OBJC_ARC = YES;
				CLANG_ENABLE_OBJC_WEAK = YES;
				CLANG_WARN_BLOCK_CAPTURE_AUTORELEASING = YES;
				CLANG_WARN_BOOL_CONVERSION = YES;
				CLANG_WARN_COMMA = YES;
				CLANG_WARN_CONSTANT_CONVERSION = YES;
				CLANG_WARN_DEPRECATED_OBJC_IMPLEMENTATIONS = YES;
				CLANG_WARN_DIRECT_OBJC_ISA_USAGE = YES_ERROR;
				CLANG_WARN_DOCUMENTATION_COMMENTS = YES;
				CLANG_WARN_EMPTY_BODY = YES;
				CLANG_WARN_ENUM_CONVERSION = YES;
				CLANG_WARN_INFINITE_RECURSION = YES;
				CLANG_WARN_INT_CONVERSION = YES;
				CLANG_WARN_NON_LITERAL_NULL_CONVERSION = YES;
				CLANG_WARN_OBJC_IMPLICIT_RETAIN_SELF = YES;
				CLANG_WARN_OBJC_LITERAL_CONVERSION = YES;
				CLANG_WARN_OBJC_ROOT_CLASS = YES_ERROR;
				CLANG_WARN_QUOTED_INCLUDE_IN_FRAMEWORK_HEADER = YES;
				CLANG_WARN_RANGE_LOOP_ANALYSIS = YES;
				CLANG_WARN_STRICT_PROTOTYPES = YES;
				CLANG_WARN_SUSPICIOUS_MOVE = YES;
				CLANG_WARN_UNGUARDED_AVAILABILITY = YES_AGGRESSIVE;
				CLANG_WARN_UNREACHABLE_CODE = YES;
				CLANG_WARN__DUPLICATE_METHOD_MATCH = YES;
				COPY_PHASE_STRIP = NO;
				DEBUG_INFORMATION_FORMAT = dwarf;
				ENABLE_STRICT_OBJC_MSGSEND = YES;
				ENABLE_TESTABILITY = YES;
				GCC_C_LANGUAGE_STANDARD = gnu11;
				GCC_DYNAMIC_NO_PIC = NO;
				GCC_NO_COMMON_BLOCKS = YES;
				GCC_OPTIMIZATION_LEVEL = 0;
				GCC_PREPROCESSOR_DEFINITIONS = (
					"DEBUG=1",
					"$(inherited)",
				);
				GCC_WARN_64_TO_32_BIT_CONVERSION = YES;
				GCC_WARN_ABOUT_RETURN_TYPE = YES_ERROR;
				GCC_WARN_UNDECLARED_SELECTOR = YES;
				GCC_WARN_UNINITIALIZED_AUTOS = YES_AGGRESSIVE;
				GCC_WARN_UNUSED_FUNCTION = YES;
				GCC_WARN_UNUSED_VARIABLE = YES;
				IPHONEOS_DEPLOYMENT_TARGET = 16.2;
				MTL_ENABLE_DEBUG_INFO = INCLUDE_SOURCE;
				MTL_FAST_MATH = YES;
				ONLY_ACTIVE_ARCH = YES;
				SDKROOT = iphoneos;
				SWIFT_ACTIVE_COMPILATION_CONDITIONS = DEBUG;
				SWIFT_OPTIMIZATION_LEVEL = "-Onone";
			};
			name = Debug;
		};
		06CD8D9629BAE582001B1A1E /* Release */ = {
			isa = XCBuildConfiguration;
			buildSettings = {
				ALWAYS_SEARCH_USER_PATHS = NO;
				CLANG_ANALYZER_NONNULL = YES;
				CLANG_ANALYZER_NUMBER_OBJECT_CONVERSION = YES_AGGRESSIVE;
				CLANG_CXX_LANGUAGE_STANDARD = "gnu++20";
				CLANG_ENABLE_MODULES = YES;
				CLANG_ENABLE_OBJC_ARC = YES;
				CLANG_ENABLE_OBJC_WEAK = YES;
				CLANG_WARN_BLOCK_CAPTURE_AUTORELEASING = YES;
				CLANG_WARN_BOOL_CONVERSION = YES;
				CLANG_WARN_COMMA = YES;
				CLANG_WARN_CONSTANT_CONVERSION = YES;
				CLANG_WARN_DEPRECATED_OBJC_IMPLEMENTATIONS = YES;
				CLANG_WARN_DIRECT_OBJC_ISA_USAGE = YES_ERROR;
				CLANG_WARN_DOCUMENTATION_COMMENTS = YES;
				CLANG_WARN_EMPTY_BODY = YES;
				CLANG_WARN_ENUM_CONVERSION = YES;
				CLANG_WARN_INFINITE_RECURSION = YES;
				CLANG_WARN_INT_CONVERSION = YES;
				CLANG_WARN_NON_LITERAL_NULL_CONVERSION = YES;
				CLANG_WARN_OBJC_IMPLICIT_RETAIN_SELF = YES;
				CLANG_WARN_OBJC_LITERAL_CONVERSION = YES;
				CLANG_WARN_OBJC_ROOT_CLASS = YES_ERROR;
				CLANG_WARN_QUOTED_INCLUDE_IN_FRAMEWORK_HEADER = YES;
				CLANG_WARN_RANGE_LOOP_ANALYSIS = YES;
				CLANG_WARN_STRICT_PROTOTYPES = YES;
				CLANG_WARN_SUSPICIOUS_MOVE = YES;
				CLANG_WARN_UNGUARDED_AVAILABILITY = YES_AGGRESSIVE;
				CLANG_WARN_UNREACHABLE_CODE = YES;
				CLANG_WARN__DUPLICATE_METHOD_MATCH = YES;
				COPY_PHASE_STRIP = NO;
				DEBUG_INFORMATION_FORMAT = "dwarf-with-dsym";
				ENABLE_NS_ASSERTIONS = NO;
				ENABLE_STRICT_OBJC_MSGSEND = YES;
				GCC_C_LANGUAGE_STANDARD = gnu11;
				GCC_NO_COMMON_BLOCKS = YES;
				GCC_WARN_64_TO_32_BIT_CONVERSION = YES;
				GCC_WARN_ABOUT_RETURN_TYPE = YES_ERROR;
				GCC_WARN_UNDECLARED_SELECTOR = YES;
				GCC_WARN_UNINITIALIZED_AUTOS = YES_AGGRESSIVE;
				GCC_WARN_UNUSED_FUNCTION = YES;
				GCC_WARN_UNUSED_VARIABLE = YES;
				IPHONEOS_DEPLOYMENT_TARGET = 16.2;
				MTL_ENABLE_DEBUG_INFO = NO;
				MTL_FAST_MATH = YES;
				SDKROOT = iphoneos;
				SWIFT_COMPILATION_MODE = wholemodule;
				SWIFT_OPTIMIZATION_LEVEL = "-O";
				VALIDATE_PRODUCT = YES;
			};
			name = Release;
		};
		06CD8D9829BAE582001B1A1E /* Debug */ = {
			isa = XCBuildConfiguration;
			baseConfigurationReference = 6073FFD47362472FA41A2B9E /* Pods-MapSwiftUI.debug.xcconfig */;
			buildSettings = {
				ASSETCATALOG_COMPILER_APPICON_NAME = AppIcon;
				ASSETCATALOG_COMPILER_GLOBAL_ACCENT_COLOR_NAME = AccentColor;
				CODE_SIGN_STYLE = Automatic;
				CURRENT_PROJECT_VERSION = 1;
				DEVELOPMENT_TEAM = 84ZVHZY7F4;
				GENERATE_INFOPLIST_FILE = YES;
				INFOPLIST_FILE = MapSwiftUI/Info.plist;
				INFOPLIST_KEY_UIApplicationSupportsIndirectInputEvents = YES;
				INFOPLIST_KEY_UILaunchStoryboardName = LaunchScreen;
				INFOPLIST_KEY_UIMainStoryboardFile = Main;
				INFOPLIST_KEY_UISupportedInterfaceOrientations_iPad = "UIInterfaceOrientationPortrait UIInterfaceOrientationPortraitUpsideDown UIInterfaceOrientationLandscapeLeft UIInterfaceOrientationLandscapeRight";
				INFOPLIST_KEY_UISupportedInterfaceOrientations_iPhone = "UIInterfaceOrientationPortrait UIInterfaceOrientationLandscapeLeft UIInterfaceOrientationLandscapeRight";
				LD_RUNPATH_SEARCH_PATHS = (
					"$(inherited)",
					"@executable_path/Frameworks",
				);
				MARKETING_VERSION = 1.0;
				PRODUCT_BUNDLE_IDENTIFIER = com.BaoHoang.MapSwiftUI;
				PRODUCT_NAME = "$(TARGET_NAME)";
				SWIFT_EMIT_LOC_STRINGS = YES;
				SWIFT_VERSION = 5.0;
				TARGETED_DEVICE_FAMILY = "1,2";
			};
			name = Debug;
		};
		06CD8D9929BAE582001B1A1E /* Release */ = {
			isa = XCBuildConfiguration;
			baseConfigurationReference = F943032F2A8272E8F129FD28 /* Pods-MapSwiftUI.release.xcconfig */;
			buildSettings = {
				ASSETCATALOG_COMPILER_APPICON_NAME = AppIcon;
				ASSETCATALOG_COMPILER_GLOBAL_ACCENT_COLOR_NAME = AccentColor;
				CODE_SIGN_STYLE = Automatic;
				CURRENT_PROJECT_VERSION = 1;
				DEVELOPMENT_TEAM = 84ZVHZY7F4;
				GENERATE_INFOPLIST_FILE = YES;
				INFOPLIST_FILE = MapSwiftUI/Info.plist;
				INFOPLIST_KEY_UIApplicationSupportsIndirectInputEvents = YES;
				INFOPLIST_KEY_UILaunchStoryboardName = LaunchScreen;
				INFOPLIST_KEY_UIMainStoryboardFile = Main;
				INFOPLIST_KEY_UISupportedInterfaceOrientations_iPad = "UIInterfaceOrientationPortrait UIInterfaceOrientationPortraitUpsideDown UIInterfaceOrientationLandscapeLeft UIInterfaceOrientationLandscapeRight";
				INFOPLIST_KEY_UISupportedInterfaceOrientations_iPhone = "UIInterfaceOrientationPortrait UIInterfaceOrientationLandscapeLeft UIInterfaceOrientationLandscapeRight";
				LD_RUNPATH_SEARCH_PATHS = (
					"$(inherited)",
					"@executable_path/Frameworks",
				);
				MARKETING_VERSION = 1.0;
				PRODUCT_BUNDLE_IDENTIFIER = com.BaoHoang.MapSwiftUI;
				PRODUCT_NAME = "$(TARGET_NAME)";
				SWIFT_EMIT_LOC_STRINGS = YES;
				SWIFT_VERSION = 5.0;
				TARGETED_DEVICE_FAMILY = "1,2";
			};
			name = Release;
		};
/* End XCBuildConfiguration section */

/* Begin XCConfigurationList section */
		06CD8D7E29BAE580001B1A1E /* Build configuration list for PBXProject "MapSwiftUI" */ = {
			isa = XCConfigurationList;
			buildConfigurations = (
				06CD8D9529BAE582001B1A1E /* Debug */,
				06CD8D9629BAE582001B1A1E /* Release */,
			);
			defaultConfigurationIsVisible = 0;
			defaultConfigurationName = Release;
		};
		06CD8D9729BAE582001B1A1E /* Build configuration list for PBXNativeTarget "MapSwiftUI" */ = {
			isa = XCConfigurationList;
			buildConfigurations = (
				06CD8D9829BAE582001B1A1E /* Debug */,
				06CD8D9929BAE582001B1A1E /* Release */,
			);
			defaultConfigurationIsVisible = 0;
			defaultConfigurationName = Release;
		};
/* End XCConfigurationList section */
	};
	rootObject = 06CD8D7B29BAE580001B1A1E /* Project object */;
}
